
Microsoft Visual Studio Solution File, Format Version 12.00
# Visual Studio Version 16
VisualStudioVersion = 16.0.29609.76
MinimumVisualStudioVersion = 10.0.40219.1
Project("{FAE04EC0-301F-11D3-BF4B-00C04F79EFBC}") = "MDPyramid", "MDPyramid\MDPyramid.csproj", "{1F4D72D9-0A78-41EE-8018-7DF3F59522BC}"
EndProject
Global
	GlobalSection(SolutionConfigurationPlatforms) = preSolution
		Debug|Any CPU = Debug|Any CPU
		Release|Any CPU = Release|Any CPU
	EndGlobalSection
	GlobalSection(ProjectConfigurationPlatforms) = postSolution
		{1F4D72D9-0A78-41EE-8018-7DF3F59522BC}.Debug|Any CPU.ActiveCfg = Debug|Any CPU
		{1F4D72D9-0A78-41EE-8018-7DF3F59522BC}.Debug|Any CPU.Build.0 = Debug|Any CPU
		{1F4D72D9-0A78-41EE-8018-7DF3F59522BC}.Release|Any CPU.ActiveCfg = Release|Any CPU
		{1F4D72D9-0A78-41EE-8018-7DF3F59522BC}.Release|Any CPU.Build.0 = Release|Any CPU
	EndGlobalSection
	GlobalSection(SolutionProperties) = preSolution
		HideSolutionNode = FALSE
	EndGlobalSection
	GlobalSection(ExtensibilityGlobals) = postSolution
		SolutionGuid = {E54F733F-1A99-40B9-A43B-B132AD7E3326}
	EndGlobalSection
EndGlobal
